{
  "name": "redis-traffic-monitor",
  "version": "1.0.0",
  "lockfileVersion": 3,
  "requires": true,
  "packages": {
    "": {
      "name": "redis-traffic-monitor",
      "version": "1.0.0",
      "license": "ISC",
      "dependencies": {
        "pcap": "^3.1.0",
        "redis-proto": "^2.1.0"
      }
    },
    "node_modules/@types/node": {
      "version": "10.17.60",
      "resolved": "https://registry.npmjs.org/@types/node/-/node-10.17.60.tgz",
      "integrity": "sha512-F0KIgDJfy2nA3zMLmWGKxcH2ZVEtCZXHHdOQs2gSaQ27+lNeEfGxzkIw90aXswATX7AZ33tahPbzy6KAfUreVw=="
    },
    "node_modules/nan": {
      "version": "2.18.0",
      "resolved": "https://registry.npmjs.org/nan/-/nan-2.18.0.tgz",
      "integrity": "sha512-W7tfG7vMOGtD30sHoZSSc/JVYiyDPEyQVso/Zz+/uQd0B0L46gtC+pHha5FFMRpil6fm/AoEcRWyOVi4+E/f8w=="
    },
    "node_modules/pcap": {
      "version": "3.1.0",
      "resolved": "https://registry.npmjs.org/pcap/-/pcap-3.1.0.tgz",
      "integrity": "sha512-bTmjruLZBmmlAc+wougRbKVzspUA4bqi505v70W/dQErmdiLs8n5pNc1Z41lj8TAkZG6GZD/1mMY0VC+uj/PBQ==",
      "hasInstallScript": true,
      "dependencies": {
        "@types/node": "^10.0.0",
        "nan": "^2.14.0"
      },
      "engines": {
        "node": ">=10.0.0"
      }
    },
    "node_modules/redis-proto": {
      "version": "2.1.0",
      "resolved": "https://registry.npmjs.org/redis-proto/-/redis-proto-2.1.0.tgz",
      "integrity": "sha512-mURoDCN2VUgOEk3fdMuV9BaxfxzVsBobWeIC5ka7F+cOU1hPc25CgiXGet8EejjxQn+VxMbVYLN4j673ygZoXQ=="
    }
  }
}
